
Microsoft Visual Studio Solution File, Format Version 12.00
# Visual Studio Version 17
VisualStudioVersion = 17.3.32811.315
MinimumVisualStudioVersion = 10.0.40219.1
Project("{FAE04EC0-301F-11D3-BF4B-00C04F79EFBC}") = "Upp3.17", "Upp3.17.csproj", "{D69D3506-E28F-4C7A-B98F-39D0096A8FFC}"
EndProject
Global
	GlobalSection(SolutionConfigurationPlatforms) = preSolution
		Debug|Any CPU = Debug|Any CPU
		Release|Any CPU = Release|Any CPU
	EndGlobalSection
	GlobalSection(ProjectConfigurationPlatforms) = postSolution
		{D69D3506-E28F-4C7A-B98F-39D0096A8FFC}.Debug|Any CPU.ActiveCfg = Debug|Any CPU
		{D69D3506-E28F-4C7A-B98F-39D0096A8FFC}.Debug|Any CPU.Build.0 = Debug|Any CPU
		{D69D3506-E28F-4C7A-B98F-39D0096A8FFC}.Release|Any CPU.ActiveCfg = Release|Any CPU
		{D69D3506-E28F-4C7A-B98F-39D0096A8FFC}.Release|Any CPU.Build.0 = Release|Any CPU
	EndGlobalSection
	GlobalSection(SolutionProperties) = preSolution
		HideSolutionNode = FALSE
	EndGlobalSection
	GlobalSection(ExtensibilityGlobals) = postSolution
		SolutionGuid = {30EB9389-5D02-496F-BEB6-8994CA7D765A}
	EndGlobalSection
EndGlobal
